#
# This file is autogenerated by pip-compile with Python 3.14
# by the following command:
#
#    pip-compile --output-file=requirements.lock pyproject.toml
#
annotated-types==0.7.0
    # via pydantic
anthropic==0.97.0
    # via simulator_generator (pyproject.toml)
anyio==4.13.0
    # via
    #   anthropic
    #   groq
    #   httpx
certifi==2026.4.22
    # via
    #   httpcore
    #   httpx
distro==1.9.0
    # via
    #   anthropic
    #   groq
docstring-parser==0.18.0
    # via anthropic
groq==1.2.0
    # via simulator_generator (pyproject.toml)
h11==0.16.0
    # via httpcore
httpcore==1.0.9
    # via httpx
httpx==0.28.1
    # via
    #   anthropic
    #   groq
idna==3.13
    # via
    #   anyio
    #   httpx
jiter==0.14.0
    # via anthropic
pydantic==2.13.3
    # via
    #   anthropic
    #   groq
    #   simulator_generator (pyproject.toml)
pydantic-core==2.46.3
    # via pydantic
python-dotenv==1.2.2
    # via simulator_generator (pyproject.toml)
sniffio==1.3.1
    # via
    #   anthropic
    #   groq
typing-extensions==4.15.0
    # via
    #   anthropic
    #   groq
    #   pydantic
    #   pydantic-core
    #   typing-inspection
typing-inspection==0.4.2
    # via pydantic
